
Microsoft Visual Studio Solution File, Format Version 12.00
# Visual Studio 15
VisualStudioVersion = 15.0.27703.2018
MinimumVisualStudioVersion = 10.0.40219.1
Project("{FAE04EC0-301F-11D3-BF4B-00C04F79EFBC}") = "CommonUtils", "CommonUtils\CommonUtils.csproj", "{95D54660-D887-4244-9E83-AB8A7ECDEA8E}"
EndProject
Project("{2150E333-8FDC-42A3-9474-1A3956D46DE8}") = "WPFCommonUtils", "WPFCommonUtils", "{2EF448F6-B287-4EAD-B29D-65310714602B}"
EndProject
Project("{FAE04EC0-301F-11D3-BF4B-00C04F79EFBC}") = "WpfCustomControlLibrary", "WpfCustomControlLibrary\WpfCustomControlLibrary.csproj", "{10CC3D7D-0CBB-4426-BE97-51DBB018E803}"
EndProject
Global
	GlobalSection(SolutionConfigurationPlatforms) = preSolution
		Debug|Any CPU = Debug|Any CPU
		Release|Any CPU = Release|Any CPU
	EndGlobalSection
	GlobalSection(ProjectConfigurationPlatforms) = postSolution
		{95D54660-D887-4244-9E83-AB8A7ECDEA8E}.Debug|Any CPU.ActiveCfg = Debug|Any CPU
		{95D54660-D887-4244-9E83-AB8A7ECDEA8E}.Debug|Any CPU.Build.0 = Debug|Any CPU
		{95D54660-D887-4244-9E83-AB8A7ECDEA8E}.Release|Any CPU.ActiveCfg = Release|Any CPU
		{95D54660-D887-4244-9E83-AB8A7ECDEA8E}.Release|Any CPU.Build.0 = Release|Any CPU
		{10CC3D7D-0CBB-4426-BE97-51DBB018E803}.Debug|Any CPU.ActiveCfg = Debug|Any CPU
		{10CC3D7D-0CBB-4426-BE97-51DBB018E803}.Debug|Any CPU.Build.0 = Debug|Any CPU
		{10CC3D7D-0CBB-4426-BE97-51DBB018E803}.Release|Any CPU.ActiveCfg = Release|Any CPU
		{10CC3D7D-0CBB-4426-BE97-51DBB018E803}.Release|Any CPU.Build.0 = Release|Any CPU
	EndGlobalSection
	GlobalSection(SolutionProperties) = preSolution
		HideSolutionNode = FALSE
	EndGlobalSection
	GlobalSection(NestedProjects) = preSolution
		{10CC3D7D-0CBB-4426-BE97-51DBB018E803} = {2EF448F6-B287-4EAD-B29D-65310714602B}
	EndGlobalSection
	GlobalSection(ExtensibilityGlobals) = postSolution
		SolutionGuid = {21166126-30B5-4A66-96F6-D768A8D742D5}
	EndGlobalSection
EndGlobal
